
Microsoft Visual Studio Solution File, Format Version 12.00
# Visual Studio Version 16
VisualStudioVersion = 16.0.30320.27
MinimumVisualStudioVersion = 10.0.40219.1
Project("{FAE04EC0-301F-11D3-BF4B-00C04F79EFBC}") = "1_Doubler", "1_Doubler\1_Doubler.csproj", "{EB228426-3507-48F6-8D12-153DE01E012A}"
EndProject
Project("{FAE04EC0-301F-11D3-BF4B-00C04F79EFBC}") = "2_GuessNumber", "2_GuessNumber\2_GuessNumber.csproj", "{30FCFDB9-0DBA-4C51-B182-58C4DD80DA4B}"
EndProject
Global
	GlobalSection(SolutionConfigurationPlatforms) = preSolution
		Debug|Any CPU = Debug|Any CPU
		Release|Any CPU = Release|Any CPU
	EndGlobalSection
	GlobalSection(ProjectConfigurationPlatforms) = postSolution
		{EB228426-3507-48F6-8D12-153DE01E012A}.Debug|Any CPU.ActiveCfg = Debug|Any CPU
		{EB228426-3507-48F6-8D12-153DE01E012A}.Debug|Any CPU.Build.0 = Debug|Any CPU
		{EB228426-3507-48F6-8D12-153DE01E012A}.Release|Any CPU.ActiveCfg = Release|Any CPU
		{EB228426-3507-48F6-8D12-153DE01E012A}.Release|Any CPU.Build.0 = Release|Any CPU
		{30FCFDB9-0DBA-4C51-B182-58C4DD80DA4B}.Debug|Any CPU.ActiveCfg = Debug|Any CPU
		{30FCFDB9-0DBA-4C51-B182-58C4DD80DA4B}.Debug|Any CPU.Build.0 = Debug|Any CPU
		{30FCFDB9-0DBA-4C51-B182-58C4DD80DA4B}.Release|Any CPU.ActiveCfg = Release|Any CPU
		{30FCFDB9-0DBA-4C51-B182-58C4DD80DA4B}.Release|Any CPU.Build.0 = Release|Any CPU
	EndGlobalSection
	GlobalSection(SolutionProperties) = preSolution
		HideSolutionNode = FALSE
	EndGlobalSection
	GlobalSection(ExtensibilityGlobals) = postSolution
		SolutionGuid = {95AEB240-30BF-4E57-8CEC-E8E7CA888769}
	EndGlobalSection
EndGlobal
