
Microsoft Visual Studio Solution File, Format Version 12.00
# Visual Studio Version 16
VisualStudioVersion = 16.0.30225.117
MinimumVisualStudioVersion = 10.0.40219.1
Project("{FAE04EC0-301F-11D3-BF4B-00C04F79EFBC}") = "1_PairComparison", "1_PairComparison\1_PairComparison.csproj", "{45599C41-0E21-479E-8005-039CFEAADC6D}"
EndProject
Project("{FAE04EC0-301F-11D3-BF4B-00C04F79EFBC}") = "2_PairComparisonStaticClass", "2_PairComparisonStaticClass\2_PairComparisonStaticClass.csproj", "{ABFB61DA-EEF3-4A44-8FD4-4D7FE5F749D7}"
EndProject
Project("{FAE04EC0-301F-11D3-BF4B-00C04F79EFBC}") = "4_Login", "4_Login\4_Login.csproj", "{F6CADBC7-6673-45BF-ABBC-B70DE58D1A12}"
EndProject
Global
	GlobalSection(SolutionConfigurationPlatforms) = preSolution
		Debug|Any CPU = Debug|Any CPU
		Release|Any CPU = Release|Any CPU
	EndGlobalSection
	GlobalSection(ProjectConfigurationPlatforms) = postSolution
		{45599C41-0E21-479E-8005-039CFEAADC6D}.Debug|Any CPU.ActiveCfg = Debug|Any CPU
		{45599C41-0E21-479E-8005-039CFEAADC6D}.Debug|Any CPU.Build.0 = Debug|Any CPU
		{45599C41-0E21-479E-8005-039CFEAADC6D}.Release|Any CPU.ActiveCfg = Release|Any CPU
		{45599C41-0E21-479E-8005-039CFEAADC6D}.Release|Any CPU.Build.0 = Release|Any CPU
		{ABFB61DA-EEF3-4A44-8FD4-4D7FE5F749D7}.Debug|Any CPU.ActiveCfg = Debug|Any CPU
		{ABFB61DA-EEF3-4A44-8FD4-4D7FE5F749D7}.Debug|Any CPU.Build.0 = Debug|Any CPU
		{ABFB61DA-EEF3-4A44-8FD4-4D7FE5F749D7}.Release|Any CPU.ActiveCfg = Release|Any CPU
		{ABFB61DA-EEF3-4A44-8FD4-4D7FE5F749D7}.Release|Any CPU.Build.0 = Release|Any CPU
		{F6CADBC7-6673-45BF-ABBC-B70DE58D1A12}.Debug|Any CPU.ActiveCfg = Debug|Any CPU
		{F6CADBC7-6673-45BF-ABBC-B70DE58D1A12}.Debug|Any CPU.Build.0 = Debug|Any CPU
		{F6CADBC7-6673-45BF-ABBC-B70DE58D1A12}.Release|Any CPU.ActiveCfg = Release|Any CPU
		{F6CADBC7-6673-45BF-ABBC-B70DE58D1A12}.Release|Any CPU.Build.0 = Release|Any CPU
	EndGlobalSection
	GlobalSection(SolutionProperties) = preSolution
		HideSolutionNode = FALSE
	EndGlobalSection
	GlobalSection(ExtensibilityGlobals) = postSolution
		SolutionGuid = {4DB7EE7C-FE3F-4A21-A05B-FA9043F5781F}
	EndGlobalSection
EndGlobal
